<?xml version="1.0" encoding="utf-8"?>
<Project ToolsVersion="4.0" xmlns="http://schemas.microsoft.com/developer/msbuild/2003">
  <ItemGroup>
    <Filter Include="Source Files">
      <UniqueIdentifier>{4FC737F1-C7A5-4376-A066-2A32D752A2FF}</UniqueIdentifier>
      <Extensions>cpp;c;cc;cxx;def;odl;idl;hpj;bat;asm;asmx</Extensions>
    </Filter>
    <Filter Include="Header Files">
      <UniqueIdentifier>{93995380-89BD-4b04-88EB-625FBE52EBFB}</UniqueIdentifier>
      <Extensions>h;hh;hpp;hxx;hm;inl;inc;xsd</Extensions>
    </Filter>
    <Filter Include="Header Files\Containers">
      <UniqueIdentifier>{97c4111e-b102-4ba8-9053-6f07ccbbe3d4}</UniqueIdentifier>
    </Filter>
    <Filter Include="Source Files\Application">
      <UniqueIdentifier>{a718053d-39dc-40d0-9a2f-e97d5f40df3e}</UniqueIdentifier>
    </Filter>
    <Filter Include="Source Files\Modules">
      <UniqueIdentifier>{93766ad0-8b3e-4dbc-9392-d21500e793c8}</UniqueIdentifier>
    </Filter>
    <Filter Include="Header Files\Application">
      <UniqueIdentifier>{bd434359-61a8-495e-9f44-848b7d844961}</UniqueIdentifier>
    </Filter>
    <Filter Include="Header Files\Modules">
      <UniqueIdentifier>{dddfeff5-e500-47b7-9782-dc0374d5480f}</UniqueIdentifier>
    </Filter>
    <Filter Include="Header Files\Modules\Core">
      <UniqueIdentifier>{1d8e5baa-09c4-4671-a11e-7384bb2abd81}</UniqueIdentifier>
    </Filter>
    <Filter Include="Header Files\Modules\Gameplay">
      <UniqueIdentifier>{d80f05ef-3a53-4293-9438-8715f5a3c3bb}</UniqueIdentifier>
    </Filter>
    <Filter Include="Header Files\Modules\Gameplay\Scenes">
      <UniqueIdentifier>{cf1aea1e-76ac-4927-bee5-de5065660d34}</UniqueIdentifier>
    </Filter>
    <Filter Include="Source Files\Modules\Core">
      <UniqueIdentifier>{997a3ce2-7141-40b9-a99c-962288489aa6}</UniqueIdentifier>
    </Filter>
    <Filter Include="Source Files\Modules\Gameplay">
      <UniqueIdentifier>{9d8bf6a3-631d-44a3-a713-241f52c9c9e9}</UniqueIdentifier>
    </Filter>
    <Filter Include="Source Files\Modules\Gameplay\Scenes">
      <UniqueIdentifier>{d9d85ce0-6a2a-4933-bb65-5439dcaf3eea}</UniqueIdentifier>
    </Filter>
  </ItemGroup>
  <ItemGroup>
    <ClInclude Include="p2Point.h">
      <Filter>Header Files\Containers</Filter>
    </ClInclude>
    <ClInclude Include="p2DynArray.h">
      <Filter>Header Files\Containers</Filter>
    </ClInclude>
    <ClInclude Include="p2List.h">
      <Filter>Header Files\Containers</Filter>
    </ClInclude>
    <ClInclude Include="Application.h">
      <Filter>Header Files\Application</Filter>
    </ClInclude>
    <ClInclude Include="Globals.h">
      <Filter>Header Files\Application</Filter>
    </ClInclude>
    <ClInclude Include="Module.h">
      <Filter>Header Files\Modules</Filter>
    </ClInclude>
    <ClInclude Include="ModuleAudio.h">
      <Filter>Header Files\Modules\Core</Filter>
    </ClInclude>
    <ClInclude Include="ModuleInput.h">
      <Filter>Header Files\Modules\Core</Filter>
    </ClInclude>
    <ClInclude Include="ModulePhysics.h">
      <Filter>Header Files\Modules\Core</Filter>
    </ClInclude>
    <ClInclude Include="ModuleRender.h">
      <Filter>Header Files\Modules\Core</Filter>
    </ClInclude>
    <ClInclude Include="ModuleTextures.h">
      <Filter>Header Files\Modules\Core</Filter>
    </ClInclude>
    <ClInclude Include="ModuleWindow.h">
      <Filter>Header Files\Modules\Core</Filter>
    </ClInclude>
    <ClInclude Include="ModuleSceneIntro.h">
      <Filter>Header Files\Modules\Gameplay\Scenes</Filter>
    </ClInclude>
    <ClInclude Include="ModulePlayer.h">
      <Filter>Header Files\Modules\Gameplay</Filter>
    </ClInclude>
    <ClInclude Include="ModuleDebug.h">
      <Filter>Header Files\Modules\Gameplay</Filter>
    </ClInclude>
    <ClInclude Include="ModuleFonts.h">
      <Filter>Header Files\Modules\Core</Filter>
    </ClInclude>
    <ClInclude Include="ModuleTrampoline.h">
      <Filter>Header Files\Modules\Gameplay</Filter>
    </ClInclude>
  </ItemGroup>
  <ItemGroup>
    <ClCompile Include="log.cpp">
      <Filter>Source Files\Application</Filter>
    </ClCompile>
    <ClCompile Include="Main.cpp">
      <Filter>Source Files\Application</Filter>
    </ClCompile>
    <ClCompile Include="Application.cpp">
      <Filter>Source Files\Application</Filter>
    </ClCompile>
    <ClCompile Include="ModuleAudio.cpp">
      <Filter>Source Files\Modules\Core</Filter>
    </ClCompile>
    <ClCompile Include="ModuleInput.cpp">
      <Filter>Source Files\Modules\Core</Filter>
    </ClCompile>
    <ClCompile Include="ModulePhysics.cpp">
      <Filter>Source Files\Modules\Core</Filter>
    </ClCompile>
    <ClCompile Include="ModuleRender.cpp">
      <Filter>Source Files\Modules\Core</Filter>
    </ClCompile>
    <ClCompile Include="ModuleTextures.cpp">
      <Filter>Source Files\Modules\Core</Filter>
    </ClCompile>
    <ClCompile Include="ModuleWindow.cpp">
      <Filter>Source Files\Modules\Core</Filter>
    </ClCompile>
    <ClCompile Include="ModuleSceneIntro.cpp">
      <Filter>Source Files\Modules\Gameplay\Scenes</Filter>
    </ClCompile>
    <ClCompile Include="ModulePlayer.cpp">
      <Filter>Source Files\Modules\Gameplay</Filter>
    </ClCompile>
    <ClCompile Include="ModuleDebug.cpp">
      <Filter>Source Files\Modules\Gameplay</Filter>
    </ClCompile>
    <ClCompile Include="ModuleFonts.cpp">
      <Filter>Source Files\Modules\Core</Filter>
    </ClCompile>
    <ClCompile Include="ModuleTrampoline.cpp">
      <Filter>Source Files\Modules\Gameplay</Filter>
    </ClCompile>
  </ItemGroup>
</Project>